
Microsoft Visual Studio Solution File, Format Version 12.00
# Visual Studio 15
VisualStudioVersion = 15.0.27428.2015
MinimumVisualStudioVersion = 10.0.40219.1
Project("{2150E333-8FDC-42A3-9474-1A3956D46DE8}") = "src", "src", "{950B1DE8-7D6B-477D-B601-66127E4DC55E}"
EndProject
Project("{2150E333-8FDC-42A3-9474-1A3956D46DE8}") = "api", "api", "{D771B844-D904-4197-836B-FC7F8B2CB316}"
EndProject
Project("{9A19103F-16F7-4668-BE54-9A1E7A4F7556}") = "StudentCheck.Web", "StudentCheck.Web\StudentCheck.Web.csproj", "{0E3A0AA2-3FA9-4CF4-956C-BE2EA2C3D6F0}"
EndProject
Project("{9A19103F-16F7-4668-BE54-9A1E7A4F7556}") = "StudentCheck.DataAccess", "StudentCheck.DataAccess\StudentCheck.DataAccess.csproj", "{609E2529-792E-42E7-8612-9200B3CD14CD}"
EndProject
Global
	GlobalSection(SolutionConfigurationPlatforms) = preSolution
		Debug|Any CPU = Debug|Any CPU
		Release|Any CPU = Release|Any CPU
	EndGlobalSection
	GlobalSection(ProjectConfigurationPlatforms) = postSolution
		{0E3A0AA2-3FA9-4CF4-956C-BE2EA2C3D6F0}.Debug|Any CPU.ActiveCfg = Debug|Any CPU
		{0E3A0AA2-3FA9-4CF4-956C-BE2EA2C3D6F0}.Debug|Any CPU.Build.0 = Debug|Any CPU
		{0E3A0AA2-3FA9-4CF4-956C-BE2EA2C3D6F0}.Release|Any CPU.ActiveCfg = Release|Any CPU
		{0E3A0AA2-3FA9-4CF4-956C-BE2EA2C3D6F0}.Release|Any CPU.Build.0 = Release|Any CPU
		{609E2529-792E-42E7-8612-9200B3CD14CD}.Debug|Any CPU.ActiveCfg = Debug|Any CPU
		{609E2529-792E-42E7-8612-9200B3CD14CD}.Debug|Any CPU.Build.0 = Debug|Any CPU
		{609E2529-792E-42E7-8612-9200B3CD14CD}.Release|Any CPU.ActiveCfg = Release|Any CPU
		{609E2529-792E-42E7-8612-9200B3CD14CD}.Release|Any CPU.Build.0 = Release|Any CPU
	EndGlobalSection
	GlobalSection(SolutionProperties) = preSolution
		HideSolutionNode = FALSE
	EndGlobalSection
	GlobalSection(NestedProjects) = preSolution
		{0E3A0AA2-3FA9-4CF4-956C-BE2EA2C3D6F0} = {950B1DE8-7D6B-477D-B601-66127E4DC55E}
		{609E2529-792E-42E7-8612-9200B3CD14CD} = {950B1DE8-7D6B-477D-B601-66127E4DC55E}
	EndGlobalSection
	GlobalSection(ExtensibilityGlobals) = postSolution
		SolutionGuid = {7E122ED3-4CB4-45BF-8A26-2186385B155F}
	EndGlobalSection
EndGlobal
